
Microsoft Visual Studio Solution File, Format Version 12.00
# Visual Studio Version 17
VisualStudioVersion = 17.12.35707.178
MinimumVisualStudioVersion = 10.0.40219.1
Project("{2150E333-8FDC-42A3-9474-1A3956D46DE8}") = "src", "src", "{60BB3A70-FFA9-4A18-8AFA-DD5A3B39EB74}"
EndProject
Project("{FAE04EC0-301F-11D3-BF4B-00C04F79EFBC}") = "Domain", "Domain\Domain.csproj", "{55286013-A179-4956-8B02-58D927D3DE31}"
EndProject
Project("{FAE04EC0-301F-11D3-BF4B-00C04F79EFBC}") = "Application", "Application\Application.csproj", "{BD4CB153-E5D5-4F74-A38D-0EFD4EAB8B78}"
	ProjectSection(ProjectDependencies) = postProject
		{55286013-A179-4956-8B02-58D927D3DE31} = {55286013-A179-4956-8B02-58D927D3DE31}
	EndProjectSection
EndProject
Project("{FAE04EC0-301F-11D3-BF4B-00C04F79EFBC}") = "Infrastructure", "Infrastructure\Infrastructure.csproj", "{288FD185-4CE9-4046-9471-98A2CD99F7BD}"
EndProject
Project("{FAE04EC0-301F-11D3-BF4B-00C04F79EFBC}") = "ClientesAPI", "ClientesAPI\ClientesAPI.csproj", "{CF7AE67D-7DCC-4F40-97D3-6C67E8ABCEF9}"
EndProject
Global
	GlobalSection(SolutionConfigurationPlatforms) = preSolution
		Debug|Any CPU = Debug|Any CPU
		Release|Any CPU = Release|Any CPU
	EndGlobalSection
	GlobalSection(ProjectConfigurationPlatforms) = postSolution
		{55286013-A179-4956-8B02-58D927D3DE31}.Debug|Any CPU.ActiveCfg = Debug|Any CPU
		{55286013-A179-4956-8B02-58D927D3DE31}.Debug|Any CPU.Build.0 = Debug|Any CPU
		{55286013-A179-4956-8B02-58D927D3DE31}.Release|Any CPU.ActiveCfg = Release|Any CPU
		{55286013-A179-4956-8B02-58D927D3DE31}.Release|Any CPU.Build.0 = Release|Any CPU
		{BD4CB153-E5D5-4F74-A38D-0EFD4EAB8B78}.Debug|Any CPU.ActiveCfg = Debug|Any CPU
		{BD4CB153-E5D5-4F74-A38D-0EFD4EAB8B78}.Debug|Any CPU.Build.0 = Debug|Any CPU
		{BD4CB153-E5D5-4F74-A38D-0EFD4EAB8B78}.Release|Any CPU.ActiveCfg = Release|Any CPU
		{BD4CB153-E5D5-4F74-A38D-0EFD4EAB8B78}.Release|Any CPU.Build.0 = Release|Any CPU
		{288FD185-4CE9-4046-9471-98A2CD99F7BD}.Debug|Any CPU.ActiveCfg = Debug|Any CPU
		{288FD185-4CE9-4046-9471-98A2CD99F7BD}.Debug|Any CPU.Build.0 = Debug|Any CPU
		{288FD185-4CE9-4046-9471-98A2CD99F7BD}.Release|Any CPU.ActiveCfg = Release|Any CPU
		{288FD185-4CE9-4046-9471-98A2CD99F7BD}.Release|Any CPU.Build.0 = Release|Any CPU
		{CF7AE67D-7DCC-4F40-97D3-6C67E8ABCEF9}.Debug|Any CPU.ActiveCfg = Debug|Any CPU
		{CF7AE67D-7DCC-4F40-97D3-6C67E8ABCEF9}.Debug|Any CPU.Build.0 = Debug|Any CPU
		{CF7AE67D-7DCC-4F40-97D3-6C67E8ABCEF9}.Release|Any CPU.ActiveCfg = Release|Any CPU
		{CF7AE67D-7DCC-4F40-97D3-6C67E8ABCEF9}.Release|Any CPU.Build.0 = Release|Any CPU
	EndGlobalSection
	GlobalSection(SolutionProperties) = preSolution
		HideSolutionNode = FALSE
	EndGlobalSection
	GlobalSection(NestedProjects) = preSolution
		{55286013-A179-4956-8B02-58D927D3DE31} = {60BB3A70-FFA9-4A18-8AFA-DD5A3B39EB74}
		{BD4CB153-E5D5-4F74-A38D-0EFD4EAB8B78} = {60BB3A70-FFA9-4A18-8AFA-DD5A3B39EB74}
		{288FD185-4CE9-4046-9471-98A2CD99F7BD} = {60BB3A70-FFA9-4A18-8AFA-DD5A3B39EB74}
		{CF7AE67D-7DCC-4F40-97D3-6C67E8ABCEF9} = {60BB3A70-FFA9-4A18-8AFA-DD5A3B39EB74}
	EndGlobalSection
	GlobalSection(ExtensibilityGlobals) = postSolution
		SolutionGuid = {904E9A08-EC11-4E9B-A32B-4F314580B852}
	EndGlobalSection
EndGlobal
